
Microsoft Visual Studio Solution File, Format Version 12.00
# Visual Studio Version 17
VisualStudioVersion = 17.0.31903.59
MinimumVisualStudioVersion = 10.0.40219.1
Project("{FAE04EC0-301F-11D3-BF4B-00C04F79EFBC}") = "API", "API\API.csproj", "{17E084D9-F637-4D7B-9991-CE1A4CB91064}"
EndProject
Project("{FAE04EC0-301F-11D3-BF4B-00C04F79EFBC}") = "Application", "Application\Application.csproj", "{A033D7BB-7BC0-401E-9191-9D71504E88C4}"
EndProject
Project("{FAE04EC0-301F-11D3-BF4B-00C04F79EFBC}") = "Domain", "Domain\Domain.csproj", "{D526097C-8ACE-43C4-B675-1DDC3119FE2A}"
EndProject
Project("{FAE04EC0-301F-11D3-BF4B-00C04F79EFBC}") = "Persistence", "Persistence\Persistence.csproj", "{8DFB3CA8-F72F-48CC-B8E4-BC15CF5F8BE4}"
EndProject
Global
	GlobalSection(SolutionConfigurationPlatforms) = preSolution
		Debug|Any CPU = Debug|Any CPU
		Release|Any CPU = Release|Any CPU
	EndGlobalSection
	GlobalSection(SolutionProperties) = preSolution
		HideSolutionNode = FALSE
	EndGlobalSection
	GlobalSection(ProjectConfigurationPlatforms) = postSolution
		{17E084D9-F637-4D7B-9991-CE1A4CB91064}.Debug|Any CPU.ActiveCfg = Debug|Any CPU
		{17E084D9-F637-4D7B-9991-CE1A4CB91064}.Debug|Any CPU.Build.0 = Debug|Any CPU
		{17E084D9-F637-4D7B-9991-CE1A4CB91064}.Release|Any CPU.ActiveCfg = Release|Any CPU
		{17E084D9-F637-4D7B-9991-CE1A4CB91064}.Release|Any CPU.Build.0 = Release|Any CPU
		{A033D7BB-7BC0-401E-9191-9D71504E88C4}.Debug|Any CPU.ActiveCfg = Debug|Any CPU
		{A033D7BB-7BC0-401E-9191-9D71504E88C4}.Debug|Any CPU.Build.0 = Debug|Any CPU
		{A033D7BB-7BC0-401E-9191-9D71504E88C4}.Release|Any CPU.ActiveCfg = Release|Any CPU
		{A033D7BB-7BC0-401E-9191-9D71504E88C4}.Release|Any CPU.Build.0 = Release|Any CPU
		{D526097C-8ACE-43C4-B675-1DDC3119FE2A}.Debug|Any CPU.ActiveCfg = Debug|Any CPU
		{D526097C-8ACE-43C4-B675-1DDC3119FE2A}.Debug|Any CPU.Build.0 = Debug|Any CPU
		{D526097C-8ACE-43C4-B675-1DDC3119FE2A}.Release|Any CPU.ActiveCfg = Release|Any CPU
		{D526097C-8ACE-43C4-B675-1DDC3119FE2A}.Release|Any CPU.Build.0 = Release|Any CPU
		{8DFB3CA8-F72F-48CC-B8E4-BC15CF5F8BE4}.Debug|Any CPU.ActiveCfg = Debug|Any CPU
		{8DFB3CA8-F72F-48CC-B8E4-BC15CF5F8BE4}.Debug|Any CPU.Build.0 = Debug|Any CPU
		{8DFB3CA8-F72F-48CC-B8E4-BC15CF5F8BE4}.Release|Any CPU.ActiveCfg = Release|Any CPU
		{8DFB3CA8-F72F-48CC-B8E4-BC15CF5F8BE4}.Release|Any CPU.Build.0 = Release|Any CPU
	EndGlobalSection
EndGlobal
